
Microsoft Visual Studio Solution File, Format Version 12.00
# Visual Studio Version 17
VisualStudioVersion = 17.7.34031.279
MinimumVisualStudioVersion = 10.0.40219.1
Project("{2150E333-8FDC-42A3-9474-1A3956D46DE8}") = "FoodPlanner", "FoodPlanner", "{311C6605-20EC-436D-A068-0EB7921FB55F}"
EndProject
Project("{2150E333-8FDC-42A3-9474-1A3956D46DE8}") = "FoodStorage", "FoodStorage", "{0CEC5CC5-0FD9-4915-ADCA-C98415E0B781}"
EndProject
Project("{2150E333-8FDC-42A3-9474-1A3956D46DE8}") = "FoodSupplier", "FoodSupplier", "{4F909FAD-8EA0-46FB-8D14-F10B86B0376F}"
EndProject
Project("{2150E333-8FDC-42A3-9474-1A3956D46DE8}") = "Shared", "Shared", "{8CEA2DD1-3D46-4D01-8C34-449AC799F2AE}"
EndProject
Project("{2150E333-8FDC-42A3-9474-1A3956D46DE8}") = "FoodUserAuth", "FoodUserAuth", "{48A59C55-375D-484A-BF5F-6DB27A9A5F4F}"
EndProject
Project("{2150E333-8FDC-42A3-9474-1A3956D46DE8}") = "FoodUserNotifier", "FoodUserNotifier", "{F1D5A5F4-FBFD-47E5-B2F4-F0AF79C430C2}"
EndProject
Project("{2150E333-8FDC-42A3-9474-1A3956D46DE8}") = "Core.Application", "Core.Application", "{BB0D3455-7173-4F1F-AA76-5E1946FE032F}"
EndProject
Project("{2150E333-8FDC-42A3-9474-1A3956D46DE8}") = "Infrastructure", "Infrastructure", "{2ADBE2A1-8410-44AD-9E09-F959A8A9CB82}"
EndProject
Project("{2150E333-8FDC-42A3-9474-1A3956D46DE8}") = "DataAccess", "DataAccess", "{B5508BC2-227A-4A33-AA2E-450F7BD907B1}"
EndProject
Project("{2150E333-8FDC-42A3-9474-1A3956D46DE8}") = "BusinessLogic", "BusinessLogic", "{9A6E8B55-A900-4D4A-B962-867F456D8ACE}"
EndProject
Project("{2150E333-8FDC-42A3-9474-1A3956D46DE8}") = "BusinessLogic", "BusinessLogic", "{DB6E219D-5BB1-4BE8-8F5E-550DC3D78C47}"
EndProject
Project("{2150E333-8FDC-42A3-9474-1A3956D46DE8}") = "BusinessLogic", "BusinessLogic", "{B873DEC0-F772-4048-870D-7E51BBD02D36}"
EndProject
Project("{2150E333-8FDC-42A3-9474-1A3956D46DE8}") = "DataAccess", "DataAccess", "{F5BFB7F2-2A08-4837-BFFD-0E9C750E909C}"
EndProject
Project("{2150E333-8FDC-42A3-9474-1A3956D46DE8}") = "DataAccess", "DataAccess", "{53D02925-9E6B-4429-9961-FC6BADD53AA3}"
EndProject
Project("{9A19103F-16F7-4668-BE54-9A1E7A4F7556}") = "FoodStorage.WebApi", "src\FoodStorage\FoodStorage.WebAPI\FoodStorage.WebApi.csproj", "{63B26013-5C84-4D0C-9CCA-AD47184A425F}"
EndProject
Project("{9A19103F-16F7-4668-BE54-9A1E7A4F7556}") = "FoodSupplier.BusinessLogic", "src\FoodSupplier\FoodSupplier.BusinessLogic\FoodSupplier.BusinessLogic.csproj", "{3491E6DA-AABB-464F-AE54-803625CC8179}"
EndProject
Project("{9A19103F-16F7-4668-BE54-9A1E7A4F7556}") = "FoodSupplier.DataAccess", "src\FoodSupplier\FoodSupplier.DataAccess\FoodSupplier.DataAccess.csproj", "{36CF2EB7-E782-477F-B9FD-AD82CD4A8F98}"
EndProject
Project("{9A19103F-16F7-4668-BE54-9A1E7A4F7556}") = "FoodSupplier.WebAPI", "src\FoodSupplier\FoodSupplier.WebAPI\FoodSupplier.WebAPI.csproj", "{29328418-FD5C-44B0-83E1-855A3F39ED54}"
EndProject
Project("{9A19103F-16F7-4668-BE54-9A1E7A4F7556}") = "FoodManager.Shared", "src\Shared\FoodManager.Shared\FoodManager.Shared.csproj", "{10F9D466-03CD-4C76-BD44-A886CF8FB7EF}"
EndProject
Project("{9A19103F-16F7-4668-BE54-9A1E7A4F7556}") = "FoodUserAuth.DataAccess", "src\FoodUserAuth\FoodUserAuth.DataAccess\FoodUserAuth.DataAccess.csproj", "{72E12353-27DC-4503-9E67-87C2AAD41773}"
EndProject
Project("{9A19103F-16F7-4668-BE54-9A1E7A4F7556}") = "FoodUserAuth.BusinessLogic", "src\FoodUserAuth\FoodUserAuth.BusinessLogic\FoodUserAuth.BusinessLogic.csproj", "{C6DA7F22-8728-4699-9597-8158D5EE9ACF}"
EndProject
Project("{9A19103F-16F7-4668-BE54-9A1E7A4F7556}") = "FoodUserAuth.WebApi", "src\FoodUserAuth\FoodUserAuth.WebAPI\FoodUserAuth.WebApi.csproj", "{C457CBCB-8914-4019-9B3D-F82D1DE6A095}"
EndProject
Project("{9A19103F-16F7-4668-BE54-9A1E7A4F7556}") = "FoodUserNotifier.BusinessLogic", "src\FoodUserNotifier\FoodUserNotifier.BusinessLogic\FoodUserNotifier.BusinessLogic.csproj", "{84D46591-710B-4D89-9DAB-4BABF4B5171D}"
EndProject
Project("{9A19103F-16F7-4668-BE54-9A1E7A4F7556}") = "FoodUserNotifier.DataAccess", "src\FoodUserNotifier\FoodUserNotifier.DataAccess\FoodUserNotifier.DataAccess.csproj", "{F6A6B242-E60B-4653-BA2C-890D15F16F07}"
EndProject
Project("{9A19103F-16F7-4668-BE54-9A1E7A4F7556}") = "FoodUserNotifier.WebApi", "src\FoodUserNotifier\FoodUserNotifier.WebAPI\FoodUserNotifier.WebApi.csproj", "{EE94FD38-5A9D-411E-BFD0-FDBFCB9F1810}"
EndProject
Project("{9A19103F-16F7-4668-BE54-9A1E7A4F7556}") = "FoodManager.WebUI", "src\FoodManager.WebUI\FoodManager.WebUI.csproj", "{D0622BE3-E4C2-430B-9791-2A0A2F331530}"
EndProject
Project("{9A19103F-16F7-4668-BE54-9A1E7A4F7556}") = "FoodSupplier.BusinessLogic.Tests", "tests\FoodSupplier.BusinessLogic.Tests\FoodSupplier.BusinessLogic.Tests.csproj", "{C673232B-E0B4-4B63-AF86-E81F38C260B8}"
EndProject
Project("{9A19103F-16F7-4668-BE54-9A1E7A4F7556}") = "FoodManager.Shared.AMQP", "src\Shared\FoodManager.Shared.AMQP\FoodManager.Shared.AMQP.csproj", "{C8134CFD-9246-4AD7-A0FD-1598A9266B81}"
EndProject
Project("{2150E333-8FDC-42A3-9474-1A3956D46DE8}") = "Core.Domain", "Core.Domain", "{4D3A7A89-5CBB-44D3-8FE4-992DA145DF9C}"
EndProject
Project("{2150E333-8FDC-42A3-9474-1A3956D46DE8}") = "Abstractions", "Abstractions", "{7CC234E2-F288-478E-BC28-EA0EFE895787}"
EndProject
Project("{9A19103F-16F7-4668-BE54-9A1E7A4F7556}") = "FoodStorage.Domain.Entities", "src\FoodStorage\Core.Domain\Domain.Entities\FoodStorage.Domain.Entities.csproj", "{8A4D9DA0-ECC2-414E-8962-963C00879430}"
EndProject
Project("{9A19103F-16F7-4668-BE54-9A1E7A4F7556}") = "FoodStorage.Infrastructure.Implementations", "src\FoodStorage\Infrastructure\Infrastructure.Implementations\FoodStorage.Infrastructure.Implementations.csproj", "{90637363-C58F-4502-93AA-091F47B2F02C}"
EndProject
Project("{9A19103F-16F7-4668-BE54-9A1E7A4F7556}") = "FoodStorage.Infrastructure.EntityFramework", "src\FoodStorage\Infrastructure\Infrastructure.EntityFramework\FoodStorage.Infrastructure.EntityFramework.csproj", "{A67FC45E-DCC1-413A-8D7C-09CC12359AA6}"
EndProject
Project("{9A19103F-16F7-4668-BE54-9A1E7A4F7556}") = "FoodStorage.Application.Repositories", "src\FoodStorage\Core.Application\Abstractions\Application.Repositories\FoodStorage.Application.Repositories.csproj", "{9DB58DC1-45A1-4929-9F48-1C3724805AB0}"
EndProject
Project("{9A19103F-16F7-4668-BE54-9A1E7A4F7556}") = "FoodStorage.Application.Services", "src\FoodStorage\Core.Application\Abstractions\Application.Services\FoodStorage.Application.Services.csproj", "{775B0EC0-D6CB-4DB7-821A-A4E690ABF139}"
EndProject
Project("{9A19103F-16F7-4668-BE54-9A1E7A4F7556}") = "FoodStorage.Application.Implementations", "src\FoodStorage\Core.Application\Application.Implementations\FoodStorage.Application.Implementations.csproj", "{9ACE8768-A5C2-4E17-BB9F-C7617E4AFD75}"
EndProject
Project("{9A19103F-16F7-4668-BE54-9A1E7A4F7556}") = "FoodStorage.Application.Tests", "src\FoodStorage\Core.Application\Application.Tests\FoodStorage.Application.Tests.csproj", "{7796F968-4013-441E-A9C4-CE7A6B52E906}"
EndProject
Project("{9A19103F-16F7-4668-BE54-9A1E7A4F7556}") = "FoodUserNotifier.BusinessLogic.Tests", "tests\FoodUserNotifier.BusinessLogic.Tests\FoodUserNotifier.BusinessLogic.Tests.csproj", "{9E115534-8766-45A3-A297-84D57FA68D86}"
EndProject
Project("{9A19103F-16F7-4668-BE54-9A1E7A4F7556}") = "FoodStorage.Domain.Tests", "src\FoodStorage\Core.Domain\Domain.Tests\FoodStorage.Domain.Tests.csproj", "{F213B188-21D5-463B-81ED-4A1DDF9C3F66}"
EndProject
Project("{2150E333-8FDC-42A3-9474-1A3956D46DE8}") = "Infrastructure", "Infrastructure", "{BBB76DB4-E654-4541-8580-94765FDC9ED5}"
EndProject
Project("{9A19103F-16F7-4668-BE54-9A1E7A4F7556}") = "FoodPlanner.WebApi", "src\FoodPlanner\FoodPlanner.WebApi\FoodPlanner.WebApi.csproj", "{472E94E9-A4AC-4E06-8043-B1FE8B5B2FF9}"
EndProject
Project("{2150E333-8FDC-42A3-9474-1A3956D46DE8}") = "BusinessLogic", "BusinessLogic", "{63D6D5A6-BDA8-4A44-95AC-305F68B8A52A}"
EndProject
Project("{9A19103F-16F7-4668-BE54-9A1E7A4F7556}") = "FoodPlanner.BusinessLogic", "src\FoodPlanner\FoodPlanner.BusinessLogic\FoodPlanner.BusinessLogic.csproj", "{E0C0B8DF-A87B-4027-9BA7-2FD44C600B66}"
EndProject
Project("{9A19103F-16F7-4668-BE54-9A1E7A4F7556}") = "FoodPlanner.BusinessLogic.Tests", "tests\FoodPlanner.BusinessLogic.Tests\FoodPlanner.BusinessLogic.Tests.csproj", "{6A6C7AF6-D4C6-4558-9240-841458A37567}"
EndProject
Project("{2150E333-8FDC-42A3-9474-1A3956D46DE8}") = "DataAccess", "DataAccess", "{D5CFFF2B-D8B9-47D0-8A68-0864BF608011}"
EndProject
Project("{9A19103F-16F7-4668-BE54-9A1E7A4F7556}") = "FoodPlanner.EventBusRabbitMQ", "src\FoodPlanner\FoodPlanner.EventBusRabbitMQ\FoodPlanner.EventBusRabbitMQ.csproj", "{F10D6201-BB7B-4E55-8A8C-C5F8CE5EDA18}"
EndProject
Project("{9A19103F-16F7-4668-BE54-9A1E7A4F7556}") = "FoodPlanner.DataAccess", "src\FoodPlanner\FoodPlanner.DataAccess\FoodPlanner.DataAccess.csproj", "{54F6149C-4EF3-42B7-B230-6B4C1C8883F4}"
EndProject
Project("{E53339B2-1760-4266-BCC7-CA923CBCF16C}") = "docker-compose", "docker-compose.dcproj", "{A2013A06-1849-4553-819E-E044EF65CD29}"
EndProject
Global
	GlobalSection(SolutionConfigurationPlatforms) = preSolution
		Debug|Any CPU = Debug|Any CPU
		Release|Any CPU = Release|Any CPU
	EndGlobalSection
	GlobalSection(ProjectConfigurationPlatforms) = postSolution
		{63B26013-5C84-4D0C-9CCA-AD47184A425F}.Debug|Any CPU.ActiveCfg = Debug|Any CPU
		{63B26013-5C84-4D0C-9CCA-AD47184A425F}.Debug|Any CPU.Build.0 = Debug|Any CPU
		{63B26013-5C84-4D0C-9CCA-AD47184A425F}.Release|Any CPU.ActiveCfg = Release|Any CPU
		{63B26013-5C84-4D0C-9CCA-AD47184A425F}.Release|Any CPU.Build.0 = Release|Any CPU
		{3491E6DA-AABB-464F-AE54-803625CC8179}.Debug|Any CPU.ActiveCfg = Debug|Any CPU
		{3491E6DA-AABB-464F-AE54-803625CC8179}.Debug|Any CPU.Build.0 = Debug|Any CPU
		{3491E6DA-AABB-464F-AE54-803625CC8179}.Release|Any CPU.ActiveCfg = Release|Any CPU
		{3491E6DA-AABB-464F-AE54-803625CC8179}.Release|Any CPU.Build.0 = Release|Any CPU
		{36CF2EB7-E782-477F-B9FD-AD82CD4A8F98}.Debug|Any CPU.ActiveCfg = Debug|Any CPU
		{36CF2EB7-E782-477F-B9FD-AD82CD4A8F98}.Debug|Any CPU.Build.0 = Debug|Any CPU
		{36CF2EB7-E782-477F-B9FD-AD82CD4A8F98}.Release|Any CPU.ActiveCfg = Release|Any CPU
		{36CF2EB7-E782-477F-B9FD-AD82CD4A8F98}.Release|Any CPU.Build.0 = Release|Any CPU
		{29328418-FD5C-44B0-83E1-855A3F39ED54}.Debug|Any CPU.ActiveCfg = Debug|Any CPU
		{29328418-FD5C-44B0-83E1-855A3F39ED54}.Debug|Any CPU.Build.0 = Debug|Any CPU
		{29328418-FD5C-44B0-83E1-855A3F39ED54}.Release|Any CPU.ActiveCfg = Release|Any CPU
		{29328418-FD5C-44B0-83E1-855A3F39ED54}.Release|Any CPU.Build.0 = Release|Any CPU
		{10F9D466-03CD-4C76-BD44-A886CF8FB7EF}.Debug|Any CPU.ActiveCfg = Debug|Any CPU
		{10F9D466-03CD-4C76-BD44-A886CF8FB7EF}.Debug|Any CPU.Build.0 = Debug|Any CPU
		{10F9D466-03CD-4C76-BD44-A886CF8FB7EF}.Release|Any CPU.ActiveCfg = Release|Any CPU
		{10F9D466-03CD-4C76-BD44-A886CF8FB7EF}.Release|Any CPU.Build.0 = Release|Any CPU
		{72E12353-27DC-4503-9E67-87C2AAD41773}.Debug|Any CPU.ActiveCfg = Debug|Any CPU
		{72E12353-27DC-4503-9E67-87C2AAD41773}.Debug|Any CPU.Build.0 = Debug|Any CPU
		{72E12353-27DC-4503-9E67-87C2AAD41773}.Release|Any CPU.ActiveCfg = Release|Any CPU
		{72E12353-27DC-4503-9E67-87C2AAD41773}.Release|Any CPU.Build.0 = Release|Any CPU
		{C6DA7F22-8728-4699-9597-8158D5EE9ACF}.Debug|Any CPU.ActiveCfg = Debug|Any CPU
		{C6DA7F22-8728-4699-9597-8158D5EE9ACF}.Debug|Any CPU.Build.0 = Debug|Any CPU
		{C6DA7F22-8728-4699-9597-8158D5EE9ACF}.Release|Any CPU.ActiveCfg = Release|Any CPU
		{C6DA7F22-8728-4699-9597-8158D5EE9ACF}.Release|Any CPU.Build.0 = Release|Any CPU
		{C457CBCB-8914-4019-9B3D-F82D1DE6A095}.Debug|Any CPU.ActiveCfg = Debug|Any CPU
		{C457CBCB-8914-4019-9B3D-F82D1DE6A095}.Debug|Any CPU.Build.0 = Debug|Any CPU
		{C457CBCB-8914-4019-9B3D-F82D1DE6A095}.Release|Any CPU.ActiveCfg = Release|Any CPU
		{C457CBCB-8914-4019-9B3D-F82D1DE6A095}.Release|Any CPU.Build.0 = Release|Any CPU
		{84D46591-710B-4D89-9DAB-4BABF4B5171D}.Debug|Any CPU.ActiveCfg = Debug|Any CPU
		{84D46591-710B-4D89-9DAB-4BABF4B5171D}.Debug|Any CPU.Build.0 = Debug|Any CPU
		{84D46591-710B-4D89-9DAB-4BABF4B5171D}.Release|Any CPU.ActiveCfg = Release|Any CPU
		{84D46591-710B-4D89-9DAB-4BABF4B5171D}.Release|Any CPU.Build.0 = Release|Any CPU
		{F6A6B242-E60B-4653-BA2C-890D15F16F07}.Debug|Any CPU.ActiveCfg = Debug|Any CPU
		{F6A6B242-E60B-4653-BA2C-890D15F16F07}.Debug|Any CPU.Build.0 = Debug|Any CPU
		{F6A6B242-E60B-4653-BA2C-890D15F16F07}.Release|Any CPU.ActiveCfg = Release|Any CPU
		{F6A6B242-E60B-4653-BA2C-890D15F16F07}.Release|Any CPU.Build.0 = Release|Any CPU
		{EE94FD38-5A9D-411E-BFD0-FDBFCB9F1810}.Debug|Any CPU.ActiveCfg = Debug|Any CPU
		{EE94FD38-5A9D-411E-BFD0-FDBFCB9F1810}.Debug|Any CPU.Build.0 = Debug|Any CPU
		{EE94FD38-5A9D-411E-BFD0-FDBFCB9F1810}.Release|Any CPU.ActiveCfg = Release|Any CPU
		{EE94FD38-5A9D-411E-BFD0-FDBFCB9F1810}.Release|Any CPU.Build.0 = Release|Any CPU
		{D0622BE3-E4C2-430B-9791-2A0A2F331530}.Debug|Any CPU.ActiveCfg = Debug|Any CPU
		{D0622BE3-E4C2-430B-9791-2A0A2F331530}.Debug|Any CPU.Build.0 = Debug|Any CPU
		{D0622BE3-E4C2-430B-9791-2A0A2F331530}.Release|Any CPU.ActiveCfg = Release|Any CPU
		{D0622BE3-E4C2-430B-9791-2A0A2F331530}.Release|Any CPU.Build.0 = Release|Any CPU
		{C673232B-E0B4-4B63-AF86-E81F38C260B8}.Debug|Any CPU.ActiveCfg = Debug|Any CPU
		{C673232B-E0B4-4B63-AF86-E81F38C260B8}.Debug|Any CPU.Build.0 = Debug|Any CPU
		{C673232B-E0B4-4B63-AF86-E81F38C260B8}.Release|Any CPU.ActiveCfg = Release|Any CPU
		{C673232B-E0B4-4B63-AF86-E81F38C260B8}.Release|Any CPU.Build.0 = Release|Any CPU
		{C8134CFD-9246-4AD7-A0FD-1598A9266B81}.Debug|Any CPU.ActiveCfg = Debug|Any CPU
		{C8134CFD-9246-4AD7-A0FD-1598A9266B81}.Debug|Any CPU.Build.0 = Debug|Any CPU
		{C8134CFD-9246-4AD7-A0FD-1598A9266B81}.Release|Any CPU.ActiveCfg = Release|Any CPU
		{C8134CFD-9246-4AD7-A0FD-1598A9266B81}.Release|Any CPU.Build.0 = Release|Any CPU
		{8A4D9DA0-ECC2-414E-8962-963C00879430}.Debug|Any CPU.ActiveCfg = Debug|Any CPU
		{8A4D9DA0-ECC2-414E-8962-963C00879430}.Debug|Any CPU.Build.0 = Debug|Any CPU
		{8A4D9DA0-ECC2-414E-8962-963C00879430}.Release|Any CPU.ActiveCfg = Release|Any CPU
		{8A4D9DA0-ECC2-414E-8962-963C00879430}.Release|Any CPU.Build.0 = Release|Any CPU
		{90637363-C58F-4502-93AA-091F47B2F02C}.Debug|Any CPU.ActiveCfg = Debug|Any CPU
		{90637363-C58F-4502-93AA-091F47B2F02C}.Debug|Any CPU.Build.0 = Debug|Any CPU
		{90637363-C58F-4502-93AA-091F47B2F02C}.Release|Any CPU.ActiveCfg = Release|Any CPU
		{90637363-C58F-4502-93AA-091F47B2F02C}.Release|Any CPU.Build.0 = Release|Any CPU
		{A67FC45E-DCC1-413A-8D7C-09CC12359AA6}.Debug|Any CPU.ActiveCfg = Debug|Any CPU
		{A67FC45E-DCC1-413A-8D7C-09CC12359AA6}.Debug|Any CPU.Build.0 = Debug|Any CPU
		{A67FC45E-DCC1-413A-8D7C-09CC12359AA6}.Release|Any CPU.ActiveCfg = Release|Any CPU
		{A67FC45E-DCC1-413A-8D7C-09CC12359AA6}.Release|Any CPU.Build.0 = Release|Any CPU
		{9DB58DC1-45A1-4929-9F48-1C3724805AB0}.Debug|Any CPU.ActiveCfg = Debug|Any CPU
		{9DB58DC1-45A1-4929-9F48-1C3724805AB0}.Debug|Any CPU.Build.0 = Debug|Any CPU
		{9DB58DC1-45A1-4929-9F48-1C3724805AB0}.Release|Any CPU.ActiveCfg = Release|Any CPU
		{9DB58DC1-45A1-4929-9F48-1C3724805AB0}.Release|Any CPU.Build.0 = Release|Any CPU
		{775B0EC0-D6CB-4DB7-821A-A4E690ABF139}.Debug|Any CPU.ActiveCfg = Debug|Any CPU
		{775B0EC0-D6CB-4DB7-821A-A4E690ABF139}.Debug|Any CPU.Build.0 = Debug|Any CPU
		{775B0EC0-D6CB-4DB7-821A-A4E690ABF139}.Release|Any CPU.ActiveCfg = Release|Any CPU
		{775B0EC0-D6CB-4DB7-821A-A4E690ABF139}.Release|Any CPU.Build.0 = Release|Any CPU
		{9ACE8768-A5C2-4E17-BB9F-C7617E4AFD75}.Debug|Any CPU.ActiveCfg = Debug|Any CPU
		{9ACE8768-A5C2-4E17-BB9F-C7617E4AFD75}.Debug|Any CPU.Build.0 = Debug|Any CPU
		{9ACE8768-A5C2-4E17-BB9F-C7617E4AFD75}.Release|Any CPU.ActiveCfg = Release|Any CPU
		{9ACE8768-A5C2-4E17-BB9F-C7617E4AFD75}.Release|Any CPU.Build.0 = Release|Any CPU
		{7796F968-4013-441E-A9C4-CE7A6B52E906}.Debug|Any CPU.ActiveCfg = Debug|Any CPU
		{7796F968-4013-441E-A9C4-CE7A6B52E906}.Debug|Any CPU.Build.0 = Debug|Any CPU
		{7796F968-4013-441E-A9C4-CE7A6B52E906}.Release|Any CPU.ActiveCfg = Release|Any CPU
		{7796F968-4013-441E-A9C4-CE7A6B52E906}.Release|Any CPU.Build.0 = Release|Any CPU
		{9E115534-8766-45A3-A297-84D57FA68D86}.Debug|Any CPU.ActiveCfg = Debug|Any CPU
		{9E115534-8766-45A3-A297-84D57FA68D86}.Debug|Any CPU.Build.0 = Debug|Any CPU
		{9E115534-8766-45A3-A297-84D57FA68D86}.Release|Any CPU.ActiveCfg = Release|Any CPU
		{9E115534-8766-45A3-A297-84D57FA68D86}.Release|Any CPU.Build.0 = Release|Any CPU
		{F213B188-21D5-463B-81ED-4A1DDF9C3F66}.Debug|Any CPU.ActiveCfg = Debug|Any CPU
		{F213B188-21D5-463B-81ED-4A1DDF9C3F66}.Debug|Any CPU.Build.0 = Debug|Any CPU
		{F213B188-21D5-463B-81ED-4A1DDF9C3F66}.Release|Any CPU.ActiveCfg = Release|Any CPU
		{F213B188-21D5-463B-81ED-4A1DDF9C3F66}.Release|Any CPU.Build.0 = Release|Any CPU
		{472E94E9-A4AC-4E06-8043-B1FE8B5B2FF9}.Debug|Any CPU.ActiveCfg = Debug|Any CPU
		{472E94E9-A4AC-4E06-8043-B1FE8B5B2FF9}.Debug|Any CPU.Build.0 = Debug|Any CPU
		{472E94E9-A4AC-4E06-8043-B1FE8B5B2FF9}.Release|Any CPU.ActiveCfg = Release|Any CPU
		{472E94E9-A4AC-4E06-8043-B1FE8B5B2FF9}.Release|Any CPU.Build.0 = Release|Any CPU
		{E0C0B8DF-A87B-4027-9BA7-2FD44C600B66}.Debug|Any CPU.ActiveCfg = Debug|Any CPU
		{E0C0B8DF-A87B-4027-9BA7-2FD44C600B66}.Debug|Any CPU.Build.0 = Debug|Any CPU
		{E0C0B8DF-A87B-4027-9BA7-2FD44C600B66}.Release|Any CPU.ActiveCfg = Release|Any CPU
		{E0C0B8DF-A87B-4027-9BA7-2FD44C600B66}.Release|Any CPU.Build.0 = Release|Any CPU
		{6A6C7AF6-D4C6-4558-9240-841458A37567}.Debug|Any CPU.ActiveCfg = Debug|Any CPU
		{6A6C7AF6-D4C6-4558-9240-841458A37567}.Debug|Any CPU.Build.0 = Debug|Any CPU
		{6A6C7AF6-D4C6-4558-9240-841458A37567}.Release|Any CPU.ActiveCfg = Release|Any CPU
		{6A6C7AF6-D4C6-4558-9240-841458A37567}.Release|Any CPU.Build.0 = Release|Any CPU
		{F10D6201-BB7B-4E55-8A8C-C5F8CE5EDA18}.Debug|Any CPU.ActiveCfg = Debug|Any CPU
		{F10D6201-BB7B-4E55-8A8C-C5F8CE5EDA18}.Debug|Any CPU.Build.0 = Debug|Any CPU
		{F10D6201-BB7B-4E55-8A8C-C5F8CE5EDA18}.Release|Any CPU.ActiveCfg = Release|Any CPU
		{F10D6201-BB7B-4E55-8A8C-C5F8CE5EDA18}.Release|Any CPU.Build.0 = Release|Any CPU
		{54F6149C-4EF3-42B7-B230-6B4C1C8883F4}.Debug|Any CPU.ActiveCfg = Debug|Any CPU
		{54F6149C-4EF3-42B7-B230-6B4C1C8883F4}.Debug|Any CPU.Build.0 = Debug|Any CPU
		{54F6149C-4EF3-42B7-B230-6B4C1C8883F4}.Release|Any CPU.ActiveCfg = Release|Any CPU
		{54F6149C-4EF3-42B7-B230-6B4C1C8883F4}.Release|Any CPU.Build.0 = Release|Any CPU
		{A2013A06-1849-4553-819E-E044EF65CD29}.Debug|Any CPU.ActiveCfg = Debug|Any CPU
		{A2013A06-1849-4553-819E-E044EF65CD29}.Debug|Any CPU.Build.0 = Debug|Any CPU
		{A2013A06-1849-4553-819E-E044EF65CD29}.Release|Any CPU.ActiveCfg = Release|Any CPU
		{A2013A06-1849-4553-819E-E044EF65CD29}.Release|Any CPU.Build.0 = Release|Any CPU
	EndGlobalSection
	GlobalSection(SolutionProperties) = preSolution
		HideSolutionNode = FALSE
	EndGlobalSection
	GlobalSection(NestedProjects) = preSolution
		{BB0D3455-7173-4F1F-AA76-5E1946FE032F} = {0CEC5CC5-0FD9-4915-ADCA-C98415E0B781}
		{2ADBE2A1-8410-44AD-9E09-F959A8A9CB82} = {0CEC5CC5-0FD9-4915-ADCA-C98415E0B781}
		{B5508BC2-227A-4A33-AA2E-450F7BD907B1} = {4F909FAD-8EA0-46FB-8D14-F10B86B0376F}
		{9A6E8B55-A900-4D4A-B962-867F456D8ACE} = {4F909FAD-8EA0-46FB-8D14-F10B86B0376F}
		{DB6E219D-5BB1-4BE8-8F5E-550DC3D78C47} = {48A59C55-375D-484A-BF5F-6DB27A9A5F4F}
		{B873DEC0-F772-4048-870D-7E51BBD02D36} = {F1D5A5F4-FBFD-47E5-B2F4-F0AF79C430C2}
		{F5BFB7F2-2A08-4837-BFFD-0E9C750E909C} = {48A59C55-375D-484A-BF5F-6DB27A9A5F4F}
		{53D02925-9E6B-4429-9961-FC6BADD53AA3} = {F1D5A5F4-FBFD-47E5-B2F4-F0AF79C430C2}
		{63B26013-5C84-4D0C-9CCA-AD47184A425F} = {0CEC5CC5-0FD9-4915-ADCA-C98415E0B781}
		{3491E6DA-AABB-464F-AE54-803625CC8179} = {9A6E8B55-A900-4D4A-B962-867F456D8ACE}
		{36CF2EB7-E782-477F-B9FD-AD82CD4A8F98} = {B5508BC2-227A-4A33-AA2E-450F7BD907B1}
		{29328418-FD5C-44B0-83E1-855A3F39ED54} = {4F909FAD-8EA0-46FB-8D14-F10B86B0376F}
		{10F9D466-03CD-4C76-BD44-A886CF8FB7EF} = {8CEA2DD1-3D46-4D01-8C34-449AC799F2AE}
		{72E12353-27DC-4503-9E67-87C2AAD41773} = {F5BFB7F2-2A08-4837-BFFD-0E9C750E909C}
		{C6DA7F22-8728-4699-9597-8158D5EE9ACF} = {DB6E219D-5BB1-4BE8-8F5E-550DC3D78C47}
		{C457CBCB-8914-4019-9B3D-F82D1DE6A095} = {48A59C55-375D-484A-BF5F-6DB27A9A5F4F}
		{84D46591-710B-4D89-9DAB-4BABF4B5171D} = {B873DEC0-F772-4048-870D-7E51BBD02D36}
		{F6A6B242-E60B-4653-BA2C-890D15F16F07} = {53D02925-9E6B-4429-9961-FC6BADD53AA3}
		{EE94FD38-5A9D-411E-BFD0-FDBFCB9F1810} = {F1D5A5F4-FBFD-47E5-B2F4-F0AF79C430C2}
		{C673232B-E0B4-4B63-AF86-E81F38C260B8} = {9A6E8B55-A900-4D4A-B962-867F456D8ACE}
		{C8134CFD-9246-4AD7-A0FD-1598A9266B81} = {8CEA2DD1-3D46-4D01-8C34-449AC799F2AE}
		{4D3A7A89-5CBB-44D3-8FE4-992DA145DF9C} = {0CEC5CC5-0FD9-4915-ADCA-C98415E0B781}
		{7CC234E2-F288-478E-BC28-EA0EFE895787} = {BB0D3455-7173-4F1F-AA76-5E1946FE032F}
		{8A4D9DA0-ECC2-414E-8962-963C00879430} = {4D3A7A89-5CBB-44D3-8FE4-992DA145DF9C}
		{90637363-C58F-4502-93AA-091F47B2F02C} = {2ADBE2A1-8410-44AD-9E09-F959A8A9CB82}
		{A67FC45E-DCC1-413A-8D7C-09CC12359AA6} = {2ADBE2A1-8410-44AD-9E09-F959A8A9CB82}
		{9DB58DC1-45A1-4929-9F48-1C3724805AB0} = {7CC234E2-F288-478E-BC28-EA0EFE895787}
		{775B0EC0-D6CB-4DB7-821A-A4E690ABF139} = {7CC234E2-F288-478E-BC28-EA0EFE895787}
		{9ACE8768-A5C2-4E17-BB9F-C7617E4AFD75} = {BB0D3455-7173-4F1F-AA76-5E1946FE032F}
		{7796F968-4013-441E-A9C4-CE7A6B52E906} = {BB0D3455-7173-4F1F-AA76-5E1946FE032F}
		{9E115534-8766-45A3-A297-84D57FA68D86} = {B873DEC0-F772-4048-870D-7E51BBD02D36}
		{F213B188-21D5-463B-81ED-4A1DDF9C3F66} = {4D3A7A89-5CBB-44D3-8FE4-992DA145DF9C}
		{BBB76DB4-E654-4541-8580-94765FDC9ED5} = {53D02925-9E6B-4429-9961-FC6BADD53AA3}
		{472E94E9-A4AC-4E06-8043-B1FE8B5B2FF9} = {311C6605-20EC-436D-A068-0EB7921FB55F}
		{63D6D5A6-BDA8-4A44-95AC-305F68B8A52A} = {311C6605-20EC-436D-A068-0EB7921FB55F}
		{E0C0B8DF-A87B-4027-9BA7-2FD44C600B66} = {63D6D5A6-BDA8-4A44-95AC-305F68B8A52A}
		{6A6C7AF6-D4C6-4558-9240-841458A37567} = {63D6D5A6-BDA8-4A44-95AC-305F68B8A52A}
		{D5CFFF2B-D8B9-47D0-8A68-0864BF608011} = {311C6605-20EC-436D-A068-0EB7921FB55F}
		{F10D6201-BB7B-4E55-8A8C-C5F8CE5EDA18} = {311C6605-20EC-436D-A068-0EB7921FB55F}
		{54F6149C-4EF3-42B7-B230-6B4C1C8883F4} = {D5CFFF2B-D8B9-47D0-8A68-0864BF608011}
	EndGlobalSection
	GlobalSection(ExtensibilityGlobals) = postSolution
		SolutionGuid = {4E52912C-CC99-4241-8335-4D85EB1C035E}
	EndGlobalSection
EndGlobal
